
Microsoft Visual Studio Solution File, Format Version 12.00
# Visual Studio Version 16
VisualStudioVersion = 16.0.29215.179
MinimumVisualStudioVersion = 10.0.40219.1
Project("{FAE04EC0-301F-11D3-BF4B-00C04F79EFBC}") = "Sistema de Gestion de Padel", "Sistema de Gestion de Padel\Sistema de Gestion de Padel.csproj", "{A18C40C2-FCD1-4D84-ABD1-3E1D37F147F5}"
EndProject
Global
	GlobalSection(SolutionConfigurationPlatforms) = preSolution
		Debug|Any CPU = Debug|Any CPU
		Release|Any CPU = Release|Any CPU
	EndGlobalSection
	GlobalSection(ProjectConfigurationPlatforms) = postSolution
		{A18C40C2-FCD1-4D84-ABD1-3E1D37F147F5}.Debug|Any CPU.ActiveCfg = Debug|Any CPU
		{A18C40C2-FCD1-4D84-ABD1-3E1D37F147F5}.Debug|Any CPU.Build.0 = Debug|Any CPU
		{A18C40C2-FCD1-4D84-ABD1-3E1D37F147F5}.Release|Any CPU.ActiveCfg = Release|Any CPU
		{A18C40C2-FCD1-4D84-ABD1-3E1D37F147F5}.Release|Any CPU.Build.0 = Release|Any CPU
	EndGlobalSection
	GlobalSection(SolutionProperties) = preSolution
		HideSolutionNode = FALSE
	EndGlobalSection
	GlobalSection(ExtensibilityGlobals) = postSolution
		SolutionGuid = {00ED4BB8-EA6F-4922-9024-A66A83FF5735}
	EndGlobalSection
EndGlobal
